// !$*UTF8*$!
{
	archiveVersion = 1;
	classes = {
	};
	objectVersion = 50;
	objects = {

/* Begin PBXBuildFile section */
		57FC1ADD9D234E8B14C2AAEF /* Pods_Players.framework in Frameworks */ = {isa = PBXBuildFile; fileRef = 64D8FE6777117895D0D48906 /* Pods_Players.framework */; };
		AB071DFE220A00370071F798 /* AppDelegate.swift in Sources */ = {isa = PBXBuildFile; fileRef = AB071DFD220A00370071F798 /* AppDelegate.swift */; };
		AB071E00220A00370071F798 /* LoginController.swift in Sources */ = {isa = PBXBuildFile; fileRef = AB071DFF220A00370071F798 /* LoginController.swift */; };
		AB071E03220A00370071F798 /* Main.storyboard in Resources */ = {isa = PBXBuildFile; fileRef = AB071E01220A00370071F798 /* Main.storyboard */; };
		AB071E05220A00390071F798 /* Assets.xcassets in Resources */ = {isa = PBXBuildFile; fileRef = AB071E04220A00390071F798 /* Assets.xcassets */; };
		AB071E08220A00390071F798 /* LaunchScreen.storyboard in Resources */ = {isa = PBXBuildFile; fileRef = AB071E06220A00390071F798 /* LaunchScreen.storyboard */; };
		AB071E13220A02820071F798 /* APIManager.swift in Sources */ = {isa = PBXBuildFile; fileRef = AB071E11220A02820071F798 /* APIManager.swift */; };
		AB071E14220A02820071F798 /* Constants.swift in Sources */ = {isa = PBXBuildFile; fileRef = AB071E12220A02820071F798 /* Constants.swift */; };
		AB071E17220A02FB0071F798 /* LoginDetails.swift in Sources */ = {isa = PBXBuildFile; fileRef = AB071E16220A02FB0071F798 /* LoginDetails.swift */; };
		AB071E19220A10F00071F798 /* PlayerDetailController.swift in Sources */ = {isa = PBXBuildFile; fileRef = AB071E18220A10F00071F798 /* PlayerDetailController.swift */; };
		AB5ACE7A2210459300C96F56 /* CommonFunctions.swift in Sources */ = {isa = PBXBuildFile; fileRef = AB5ACE792210459300C96F56 /* CommonFunctions.swift */; };
		AB5ACE7C2210935300C96F56 /* FilterManager.swift in Sources */ = {isa = PBXBuildFile; fileRef = AB5ACE7B2210935300C96F56 /* FilterManager.swift */; };
		ABCA9564220F077E00A61881 /* Filters.swift in Sources */ = {isa = PBXBuildFile; fileRef = ABCA9563220F077E00A61881 /* Filters.swift */; };
		ABCA9566220F120D00A61881 /* Players.swift in Sources */ = {isa = PBXBuildFile; fileRef = ABCA9565220F120D00A61881 /* Players.swift */; };
		ABCA95682210247F00A61881 /* PlayerDetailCell.swift in Sources */ = {isa = PBXBuildFile; fileRef = ABCA95672210247F00A61881 /* PlayerDetailCell.swift */; };
		ABD059ED2210A01300ECD20E /* CheckBoxDelegate.swift in Sources */ = {isa = PBXBuildFile; fileRef = ABD059E52210A01200ECD20E /* CheckBoxDelegate.swift */; };
		ABD059EE2210A01300ECD20E /* RadioCell.xib in Resources */ = {isa = PBXBuildFile; fileRef = ABD059E62210A01200ECD20E /* RadioCell.xib */; };
		ABD059EF2210A01300ECD20E /* Group.xcassets in Resources */ = {isa = PBXBuildFile; fileRef = ABD059E72210A01200ECD20E /* Group.xcassets */; };
		ABD059F02210A01300ECD20E /* CheckBox.swift in Sources */ = {isa = PBXBuildFile; fileRef = ABD059E82210A01300ECD20E /* CheckBox.swift */; };
		ABD059F12210A01300ECD20E /* RadioGroup.xib in Resources */ = {isa = PBXBuildFile; fileRef = ABD059E92210A01300ECD20E /* RadioGroup.xib */; };
		ABD059F22210A01300ECD20E /* RadioGroupDelegate.swift in Sources */ = {isa = PBXBuildFile; fileRef = ABD059EA2210A01300ECD20E /* RadioGroupDelegate.swift */; };
		ABD059F32210A01300ECD20E /* CheckBox.xib in Resources */ = {isa = PBXBuildFile; fileRef = ABD059EB2210A01300ECD20E /* CheckBox.xib */; };
		ABD059F42210A01300ECD20E /* RadioGroup.swift in Sources */ = {isa = PBXBuildFile; fileRef = ABD059EC2210A01300ECD20E /* RadioGroup.swift */; };
/* End PBXBuildFile section */

/* Begin PBXFileReference section */
		1C02D1CC86814C33B65DEB2E /* Pods-Players.debug.xcconfig */ = {isa = PBXFileReference; includeInIndex = 1; lastKnownFileType = text.xcconfig; name = "Pods-Players.debug.xcconfig"; path = "Pods/Target Support Files/Pods-Players/Pods-Players.debug.xcconfig"; sourceTree = "<group>"; };
		64D8FE6777117895D0D48906 /* Pods_Players.framework */ = {isa = PBXFileReference; explicitFileType = wrapper.framework; includeInIndex = 0; path = Pods_Players.framework; sourceTree = BUILT_PRODUCTS_DIR; };
		80E8C8537311C59BE20F6043 /* Pods-Players.release.xcconfig */ = {isa = PBXFileReference; includeInIndex = 1; lastKnownFileType = text.xcconfig; name = "Pods-Players.release.xcconfig"; path = "Pods/Target Support Files/Pods-Players/Pods-Players.release.xcconfig"; sourceTree = "<group>"; };
		AB071DFA220A00370071F798 /* Players.app */ = {isa = PBXFileReference; explicitFileType = wrapper.application; includeInIndex = 0; path = Players.app; sourceTree = BUILT_PRODUCTS_DIR; };
		AB071DFD220A00370071F798 /* AppDelegate.swift */ = {isa = PBXFileReference; lastKnownFileType = sourcecode.swift; path = AppDelegate.swift; sourceTree = "<group>"; };
		AB071DFF220A00370071F798 /* LoginController.swift */ = {isa = PBXFileReference; lastKnownFileType = sourcecode.swift; path = LoginController.swift; sourceTree = "<group>"; };
		AB071E02220A00370071F798 /* Base */ = {isa = PBXFileReference; lastKnownFileType = file.storyboard; name = Base; path = Base.lproj/Main.storyboard; sourceTree = "<group>"; };
		AB071E04220A00390071F798 /* Assets.xcassets */ = {isa = PBXFileReference; lastKnownFileType = folder.assetcatalog; path = Assets.xcassets; sourceTree = "<group>"; };
		AB071E07220A00390071F798 /* Base */ = {isa = PBXFileReference; lastKnownFileType = file.storyboard; name = Base; path = Base.lproj/LaunchScreen.storyboard; sourceTree = "<group>"; };
		AB071E09220A00390071F798 /* Info.plist */ = {isa = PBXFileReference; lastKnownFileType = text.plist.xml; path = Info.plist; sourceTree = "<group>"; };
		AB071E11220A02820071F798 /* APIManager.swift */ = {isa = PBXFileReference; fileEncoding = 4; lastKnownFileType = sourcecode.swift; path = APIManager.swift; sourceTree = "<group>"; };
		AB071E12220A02820071F798 /* Constants.swift */ = {isa = PBXFileReference; fileEncoding = 4; lastKnownFileType = sourcecode.swift; path = Constants.swift; sourceTree = "<group>"; };
		AB071E16220A02FB0071F798 /* LoginDetails.swift */ = {isa = PBXFileReference; lastKnownFileType = sourcecode.swift; path = LoginDetails.swift; sourceTree = "<group>"; };
		AB071E18220A10F00071F798 /* PlayerDetailController.swift */ = {isa = PBXFileReference; lastKnownFileType = sourcecode.swift; path = PlayerDetailController.swift; sourceTree = "<group>"; };
		AB5ACE792210459300C96F56 /* CommonFunctions.swift */ = {isa = PBXFileReference; lastKnownFileType = sourcecode.swift; path = CommonFunctions.swift; sourceTree = "<group>"; };
		AB5ACE7B2210935300C96F56 /* FilterManager.swift */ = {isa = PBXFileReference; lastKnownFileType = sourcecode.swift; path = FilterManager.swift; sourceTree = "<group>"; };
		ABCA9563220F077E00A61881 /* Filters.swift */ = {isa = PBXFileReference; lastKnownFileType = sourcecode.swift; path = Filters.swift; sourceTree = "<group>"; };
		ABCA9565220F120D00A61881 /* Players.swift */ = {isa = PBXFileReference; lastKnownFileType = sourcecode.swift; path = Players.swift; sourceTree = "<group>"; };
		ABCA95672210247F00A61881 /* PlayerDetailCell.swift */ = {isa = PBXFileReference; lastKnownFileType = sourcecode.swift; path = PlayerDetailCell.swift; sourceTree = "<group>"; };
		ABD059E52210A01200ECD20E /* CheckBoxDelegate.swift */ = {isa = PBXFileReference; fileEncoding = 4; lastKnownFileType = sourcecode.swift; path = CheckBoxDelegate.swift; sourceTree = "<group>"; };
		ABD059E62210A01200ECD20E /* RadioCell.xib */ = {isa = PBXFileReference; fileEncoding = 4; lastKnownFileType = file.xib; path = RadioCell.xib; sourceTree = "<group>"; };
		ABD059E72210A01200ECD20E /* Group.xcassets */ = {isa = PBXFileReference; lastKnownFileType = folder.assetcatalog; path = Group.xcassets; sourceTree = "<group>"; };
		ABD059E82210A01300ECD20E /* CheckBox.swift */ = {isa = PBXFileReference; fileEncoding = 4; lastKnownFileType = sourcecode.swift; path = CheckBox.swift; sourceTree = "<group>"; };
		ABD059E92210A01300ECD20E /* RadioGroup.xib */ = {isa = PBXFileReference; fileEncoding = 4; lastKnownFileType = file.xib; path = RadioGroup.xib; sourceTree = "<group>"; };
		ABD059EA2210A01300ECD20E /* RadioGroupDelegate.swift */ = {isa = PBXFileReference; fileEncoding = 4; lastKnownFileType = sourcecode.swift; path = RadioGroupDelegate.swift; sourceTree = "<group>"; };
		ABD059EB2210A01300ECD20E /* CheckBox.xib */ = {isa = PBXFileReference; fileEncoding = 4; lastKnownFileType = file.xib; path = CheckBox.xib; sourceTree = "<group>"; };
		ABD059EC2210A01300ECD20E /* RadioGroup.swift */ = {isa = PBXFileReference; fileEncoding = 4; lastKnownFileType = sourcecode.swift; path = RadioGroup.swift; sourceTree = "<group>"; };
/* End PBXFileReference section */

/* Begin PBXFrameworksBuildPhase section */
		AB071DF7220A00370071F798 /* Frameworks */ = {
			isa = PBXFrameworksBuildPhase;
			buildActionMask = 2147483647;
			files = (
				57FC1ADD9D234E8B14C2AAEF /* Pods_Players.framework in Frameworks */,
			);
			runOnlyForDeploymentPostprocessing = 0;
		};
/* End PBXFrameworksBuildPhase section */

/* Begin PBXGroup section */
		AB071DF1220A00370071F798 = {
			isa = PBXGroup;
			children = (
				AB071DFC220A00370071F798 /* Players */,
				AB071DFB220A00370071F798 /* Products */,
				EA4AB85FE07110FE9CA7430B /* Pods */,
				BBE8D9BB61546987095CED98 /* Frameworks */,
			);
			sourceTree = "<group>";
		};
		AB071DFB220A00370071F798 /* Products */ = {
			isa = PBXGroup;
			children = (
				AB071DFA220A00370071F798 /* Players.app */,
			);
			name = Products;
			sourceTree = "<group>";
		};
		AB071DFC220A00370071F798 /* Players */ = {
			isa = PBXGroup;
			children = (
				ABD059E422109FFC00ECD20E /* CheckBox-Radio */,
				AB071E15220A02DB0071F798 /* Modals */,
				AB071E12220A02820071F798 /* Constants.swift */,
				AB071E11220A02820071F798 /* APIManager.swift */,
				AB071DFD220A00370071F798 /* AppDelegate.swift */,
				AB071DFF220A00370071F798 /* LoginController.swift */,
				AB071E18220A10F00071F798 /* PlayerDetailController.swift */,
				ABCA95672210247F00A61881 /* PlayerDetailCell.swift */,
				AB5ACE7B2210935300C96F56 /* FilterManager.swift */,
				AB071E01220A00370071F798 /* Main.storyboard */,
				AB071E04220A00390071F798 /* Assets.xcassets */,
				AB071E06220A00390071F798 /* LaunchScreen.storyboard */,
				AB071E09220A00390071F798 /* Info.plist */,
				AB5ACE792210459300C96F56 /* CommonFunctions.swift */,
			);
			path = Players;
			sourceTree = "<group>";
		};
		AB071E15220A02DB0071F798 /* Modals */ = {
			isa = PBXGroup;
			children = (
				AB071E16220A02FB0071F798 /* LoginDetails.swift */,
				ABCA9563220F077E00A61881 /* Filters.swift */,
				ABCA9565220F120D00A61881 /* Players.swift */,
			);
			path = Modals;
			sourceTree = "<group>";
		};
		ABD059E422109FFC00ECD20E /* CheckBox-Radio */ = {
			isa = PBXGroup;
			children = (
				ABD059E82210A01300ECD20E /* CheckBox.swift */,
				ABD059EB2210A01300ECD20E /* CheckBox.xib */,
				ABD059E52210A01200ECD20E /* CheckBoxDelegate.swift */,
				ABD059E72210A01200ECD20E /* Group.xcassets */,
				ABD059E62210A01200ECD20E /* RadioCell.xib */,
				ABD059EC2210A01300ECD20E /* RadioGroup.swift */,
				ABD059E92210A01300ECD20E /* RadioGroup.xib */,
				ABD059EA2210A01300ECD20E /* RadioGroupDelegate.swift */,
			);
			path = "CheckBox-Radio";
			sourceTree = "<group>";
		};
		BBE8D9BB61546987095CED98 /* Frameworks */ = {
			isa = PBXGroup;
			children = (
				64D8FE6777117895D0D48906 /* Pods_Players.framework */,
			);
			name = Frameworks;
			sourceTree = "<group>";
		};
		EA4AB85FE07110FE9CA7430B /* Pods */ = {
			isa = PBXGroup;
			children = (
				1C02D1CC86814C33B65DEB2E /* Pods-Players.debug.xcconfig */,
				80E8C8537311C59BE20F6043 /* Pods-Players.release.xcconfig */,
			);
			name = Pods;
			sourceTree = "<group>";
		};
/* End PBXGroup section */

/* Begin PBXNativeTarget section */
		AB071DF9220A00370071F798 /* Players */ = {
			isa = PBXNativeTarget;
			buildConfigurationList = AB071E0C220A00390071F798 /* Build configuration list for PBXNativeTarget "Players" */;
			buildPhases = (
				344A1EB515B7EF9BDD1B7FEA /* [CP] Check Pods Manifest.lock */,
				AB071DF6220A00370071F798 /* Sources */,
				AB071DF7220A00370071F798 /* Frameworks */,
				AB071DF8220A00370071F798 /* Resources */,
				891D30262100055F84561F0E /* [CP] Embed Pods Frameworks */,
			);
			buildRules = (
			);
			dependencies = (
			);
			name = Players;
			productName = Players;
			productReference = AB071DFA220A00370071F798 /* Players.app */;
			productType = "com.apple.product-type.application";
		};
/* End PBXNativeTarget section */

/* Begin PBXProject section */
		AB071DF2220A00370071F798 /* Project object */ = {
			isa = PBXProject;
			attributes = {
				LastSwiftUpdateCheck = 1010;
				LastUpgradeCheck = 1010;
				ORGANIZATIONNAME = LazyBaboon;
				TargetAttributes = {
					AB071DF9220A00370071F798 = {
						CreatedOnToolsVersion = 10.1;
					};
				};
			};
			buildConfigurationList = AB071DF5220A00370071F798 /* Build configuration list for PBXProject "Players" */;
			compatibilityVersion = "Xcode 9.3";
			developmentRegion = en;
			hasScannedForEncodings = 0;
			knownRegions = (
				en,
				Base,
			);
			mainGroup = AB071DF1220A00370071F798;
			productRefGroup = AB071DFB220A00370071F798 /* Products */;
			projectDirPath = "";
			projectRoot = "";
			targets = (
				AB071DF9220A00370071F798 /* Players */,
			);
		};
/* End PBXProject section */

/* Begin PBXResourcesBuildPhase section */
		AB071DF8220A00370071F798 /* Resources */ = {
			isa = PBXResourcesBuildPhase;
			buildActionMask = 2147483647;
			files = (
				AB071E08220A00390071F798 /* LaunchScreen.storyboard in Resources */,
				ABD059EE2210A01300ECD20E /* RadioCell.xib in Resources */,
				AB071E05220A00390071F798 /* Assets.xcassets in Resources */,
				ABD059EF2210A01300ECD20E /* Group.xcassets in Resources */,
				AB071E03220A00370071F798 /* Main.storyboard in Resources */,
				ABD059F32210A01300ECD20E /* CheckBox.xib in Resources */,
				ABD059F12210A01300ECD20E /* RadioGroup.xib in Resources */,
			);
			runOnlyForDeploymentPostprocessing = 0;
		};
/* End PBXResourcesBuildPhase section */

/* Begin PBXShellScriptBuildPhase section */
		344A1EB515B7EF9BDD1B7FEA /* [CP] Check Pods Manifest.lock */ = {
			isa = PBXShellScriptBuildPhase;
			buildActionMask = 2147483647;
			files = (
			);
			inputFileListPaths = (
			);
			inputPaths = (
				"${PODS_PODFILE_DIR_PATH}/Podfile.lock",
				"${PODS_ROOT}/Manifest.lock",
			);
			name = "[CP] Check Pods Manifest.lock";
			outputFileListPaths = (
			);
			outputPaths = (
				"$(DERIVED_FILE_DIR)/Pods-Players-checkManifestLockResult.txt",
			);
			runOnlyForDeploymentPostprocessing = 0;
			shellPath = /bin/sh;
			shellScript = "diff \"${PODS_PODFILE_DIR_PATH}/Podfile.lock\" \"${PODS_ROOT}/Manifest.lock\" > /dev/null\nif [ $? != 0 ] ; then\n    # print error to STDERR\n    echo \"error: The sandbox is not in sync with the Podfile.lock. Run 'pod install' or update your CocoaPods installation.\" >&2\n    exit 1\nfi\n# This output is used by Xcode 'outputs' to avoid re-running this script phase.\necho \"SUCCESS\" > \"${SCRIPT_OUTPUT_FILE_0}\"\n";
			showEnvVarsInLog = 0;
		};
		891D30262100055F84561F0E /* [CP] Embed Pods Frameworks */ = {
			isa = PBXShellScriptBuildPhase;
			buildActionMask = 2147483647;
			files = (
			);
			inputFileListPaths = (
			);
			inputPaths = (
				"${SRCROOT}/Pods/Target Support Files/Pods-Players/Pods-Players-frameworks.sh",
				"${BUILT_PRODUCTS_DIR}/PKHUD/PKHUD.framework",
			);
			name = "[CP] Embed Pods Frameworks";
			outputFileListPaths = (
			);
			outputPaths = (
				"${TARGET_BUILD_DIR}/${FRAMEWORKS_FOLDER_PATH}/PKHUD.framework",
			);
			runOnlyForDeploymentPostprocessing = 0;
			shellPath = /bin/sh;
			shellScript = "\"${SRCROOT}/Pods/Target Support Files/Pods-Players/Pods-Players-frameworks.sh\"\n";
			showEnvVarsInLog = 0;
		};
/* End PBXShellScriptBuildPhase section */

/* Begin PBXSourcesBuildPhase section */
		AB071DF6220A00370071F798 /* Sources */ = {
			isa = PBXSourcesBuildPhase;
			buildActionMask = 2147483647;
			files = (
				ABCA9566220F120D00A61881 /* Players.swift in Sources */,
				ABCA9564220F077E00A61881 /* Filters.swift in Sources */,
				AB5ACE7A2210459300C96F56 /* CommonFunctions.swift in Sources */,
				ABD059ED2210A01300ECD20E /* CheckBoxDelegate.swift in Sources */,
				AB071E00220A00370071F798 /* LoginController.swift in Sources */,
				AB5ACE7C2210935300C96F56 /* FilterManager.swift in Sources */,
				AB071E17220A02FB0071F798 /* LoginDetails.swift in Sources */,
				ABD059F42210A01300ECD20E /* RadioGroup.swift in Sources */,
				AB071DFE220A00370071F798 /* AppDelegate.swift in Sources */,
				AB071E13220A02820071F798 /* APIManager.swift in Sources */,
				AB071E14220A02820071F798 /* Constants.swift in Sources */,
				ABD059F22210A01300ECD20E /* RadioGroupDelegate.swift in Sources */,
				ABCA95682210247F00A61881 /* PlayerDetailCell.swift in Sources */,
				ABD059F02210A01300ECD20E /* CheckBox.swift in Sources */,
				AB071E19220A10F00071F798 /* PlayerDetailController.swift in Sources */,
			);
			runOnlyForDeploymentPostprocessing = 0;
		};
/* End PBXSourcesBuildPhase section */

/* Begin PBXVariantGroup section */
		AB071E01220A00370071F798 /* Main.storyboard */ = {
			isa = PBXVariantGroup;
			children = (
				AB071E02220A00370071F798 /* Base */,
			);
			name = Main.storyboard;
			sourceTree = "<group>";
		};
		AB071E06220A00390071F798 /* LaunchScreen.storyboard */ = {
			isa = PBXVariantGroup;
			children = (
				AB071E07220A00390071F798 /* Base */,
			);
			name = LaunchScreen.storyboard;
			sourceTree = "<group>";
		};
/* End PBXVariantGroup section */

/* Begin XCBuildConfiguration section */
		AB071E0A220A00390071F798 /* Debug */ = {
			isa = XCBuildConfiguration;
			buildSettings = {
				ALWAYS_SEARCH_USER_PATHS = NO;
				CLANG_ANALYZER_NONNULL = YES;
				CLANG_ANALYZER_NUMBER_OBJECT_CONVERSION = YES_AGGRESSIVE;
				CLANG_CXX_LANGUAGE_STANDARD = "gnu++14";
				CLANG_CXX_LIBRARY = "libc++";
				CLANG_ENABLE_MODULES = YES;
				CLANG_ENABLE_OBJC_ARC = YES;
				CLANG_ENABLE_OBJC_WEAK = YES;
				CLANG_WARN_BLOCK_CAPTURE_AUTORELEASING = YES;
				CLANG_WARN_BOOL_CONVERSION = YES;
				CLANG_WARN_COMMA = YES;
				CLANG_WARN_CONSTANT_CONVERSION = YES;
				CLANG_WARN_DEPRECATED_OBJC_IMPLEMENTATIONS = YES;
				CLANG_WARN_DIRECT_OBJC_ISA_USAGE = YES_ERROR;
				CLANG_WARN_DOCUMENTATION_COMMENTS = YES;
				CLANG_WARN_EMPTY_BODY = YES;
				CLANG_WARN_ENUM_CONVERSION = YES;
				CLANG_WARN_INFINITE_RECURSION = YES;
				CLANG_WARN_INT_CONVERSION = YES;
				CLANG_WARN_NON_LITERAL_NULL_CONVERSION = YES;
				CLANG_WARN_OBJC_IMPLICIT_RETAIN_SELF = YES;
				CLANG_WARN_OBJC_LITERAL_CONVERSION = YES;
				CLANG_WARN_OBJC_ROOT_CLASS = YES_ERROR;
				CLANG_WARN_RANGE_LOOP_ANALYSIS = YES;
				CLANG_WARN_STRICT_PROTOTYPES = YES;
				CLANG_WARN_SUSPICIOUS_MOVE = YES;
				CLANG_WARN_UNGUARDED_AVAILABILITY = YES_AGGRESSIVE;
				CLANG_WARN_UNREACHABLE_CODE = YES;
				CLANG_WARN__DUPLICATE_METHOD_MATCH = YES;
				CODE_SIGN_IDENTITY = "iPhone Developer";
				COPY_PHASE_STRIP = NO;
				DEBUG_INFORMATION_FORMAT = dwarf;
				ENABLE_STRICT_OBJC_MSGSEND = YES;
				ENABLE_TESTABILITY = YES;
				GCC_C_LANGUAGE_STANDARD = gnu11;
				GCC_DYNAMIC_NO_PIC = NO;
				GCC_NO_COMMON_BLOCKS = YES;
				GCC_OPTIMIZATION_LEVEL = 0;
				GCC_PREPROCESSOR_DEFINITIONS = (
					"DEBUG=1",
					"$(inherited)",
				);
				GCC_WARN_64_TO_32_BIT_CONVERSION = YES;
				GCC_WARN_ABOUT_RETURN_TYPE = YES_ERROR;
				GCC_WARN_UNDECLARED_SELECTOR = YES;
				GCC_WARN_UNINITIALIZED_AUTOS = YES_AGGRESSIVE;
				GCC_WARN_UNUSED_FUNCTION = YES;
				GCC_WARN_UNUSED_VARIABLE = YES;
				IPHONEOS_DEPLOYMENT_TARGET = 12.1;
				MTL_ENABLE_DEBUG_INFO = INCLUDE_SOURCE;
				MTL_FAST_MATH = YES;
				ONLY_ACTIVE_ARCH = YES;
				SDKROOT = iphoneos;
				SWIFT_ACTIVE_COMPILATION_CONDITIONS = DEBUG;
				SWIFT_OPTIMIZATION_LEVEL = "-Onone";
			};
			name = Debug;
		};
		AB071E0B220A00390071F798 /* Release */ = {
			isa = XCBuildConfiguration;
			buildSettings = {
				ALWAYS_SEARCH_USER_PATHS = NO;
				CLANG_ANALYZER_NONNULL = YES;
				CLANG_ANALYZER_NUMBER_OBJECT_CONVERSION = YES_AGGRESSIVE;
				CLANG_CXX_LANGUAGE_STANDARD = "gnu++14";
				CLANG_CXX_LIBRARY = "libc++";
				CLANG_ENABLE_MODULES = YES;
				CLANG_ENABLE_OBJC_ARC = YES;
				CLANG_ENABLE_OBJC_WEAK = YES;
				CLANG_WARN_BLOCK_CAPTURE_AUTORELEASING = YES;
				CLANG_WARN_BOOL_CONVERSION = YES;
				CLANG_WARN_COMMA = YES;
				CLANG_WARN_CONSTANT_CONVERSION = YES;
				CLANG_WARN_DEPRECATED_OBJC_IMPLEMENTATIONS = YES;
				CLANG_WARN_DIRECT_OBJC_ISA_USAGE = YES_ERROR;
				CLANG_WARN_DOCUMENTATION_COMMENTS = YES;
				CLANG_WARN_EMPTY_BODY = YES;
				CLANG_WARN_ENUM_CONVERSION = YES;
				CLANG_WARN_INFINITE_RECURSION = YES;
				CLANG_WARN_INT_CONVERSION = YES;
				CLANG_WARN_NON_LITERAL_NULL_CONVERSION = YES;
				CLANG_WARN_OBJC_IMPLICIT_RETAIN_SELF = YES;
				CLANG_WARN_OBJC_LITERAL_CONVERSION = YES;
				CLANG_WARN_OBJC_ROOT_CLASS = YES_ERROR;
				CLANG_WARN_RANGE_LOOP_ANALYSIS = YES;
				CLANG_WARN_STRICT_PROTOTYPES = YES;
				CLANG_WARN_SUSPICIOUS_MOVE = YES;
				CLANG_WARN_UNGUARDED_AVAILABILITY = YES_AGGRESSIVE;
				CLANG_WARN_UNREACHABLE_CODE = YES;
				CLANG_WARN__DUPLICATE_METHOD_MATCH = YES;
				CODE_SIGN_IDENTITY = "iPhone Developer";
				COPY_PHASE_STRIP = NO;
				DEBUG_INFORMATION_FORMAT = "dwarf-with-dsym";
				ENABLE_NS_ASSERTIONS = NO;
				ENABLE_STRICT_OBJC_MSGSEND = YES;
				GCC_C_LANGUAGE_STANDARD = gnu11;
				GCC_NO_COMMON_BLOCKS = YES;
				GCC_WARN_64_TO_32_BIT_CONVERSION = YES;
				GCC_WARN_ABOUT_RETURN_TYPE = YES_ERROR;
				GCC_WARN_UNDECLARED_SELECTOR = YES;
				GCC_WARN_UNINITIALIZED_AUTOS = YES_AGGRESSIVE;
				GCC_WARN_UNUSED_FUNCTION = YES;
				GCC_WARN_UNUSED_VARIABLE = YES;
				IPHONEOS_DEPLOYMENT_TARGET = 12.1;
				MTL_ENABLE_DEBUG_INFO = NO;
				MTL_FAST_MATH = YES;
				SDKROOT = iphoneos;
				SWIFT_COMPILATION_MODE = wholemodule;
				SWIFT_OPTIMIZATION_LEVEL = "-O";
				VALIDATE_PRODUCT = YES;
			};
			name = Release;
		};
		AB071E0D220A00390071F798 /* Debug */ = {
			isa = XCBuildConfiguration;
			baseConfigurationReference = 1C02D1CC86814C33B65DEB2E /* Pods-Players.debug.xcconfig */;
			buildSettings = {
				ASSETCATALOG_COMPILER_APPICON_NAME = AppIcon;
				CODE_SIGN_STYLE = Automatic;
				INFOPLIST_FILE = Players/Info.plist;
				LD_RUNPATH_SEARCH_PATHS = (
					"$(inherited)",
					"@executable_path/Frameworks",
				);
				PRODUCT_BUNDLE_IDENTIFIER = com.LazyBaboon.Players;
				PRODUCT_NAME = "$(TARGET_NAME)";
				SWIFT_VERSION = 4.2;
				TARGETED_DEVICE_FAMILY = "1,2";
			};
			name = Debug;
		};
		AB071E0E220A00390071F798 /* Release */ = {
			isa = XCBuildConfiguration;
			baseConfigurationReference = 80E8C8537311C59BE20F6043 /* Pods-Players.release.xcconfig */;
			buildSettings = {
				ASSETCATALOG_COMPILER_APPICON_NAME = AppIcon;
				CODE_SIGN_STYLE = Automatic;
				INFOPLIST_FILE = Players/Info.plist;
				LD_RUNPATH_SEARCH_PATHS = (
					"$(inherited)",
					"@executable_path/Frameworks",
				);
				PRODUCT_BUNDLE_IDENTIFIER = com.LazyBaboon.Players;
				PRODUCT_NAME = "$(TARGET_NAME)";
				SWIFT_VERSION = 4.2;
				TARGETED_DEVICE_FAMILY = "1,2";
			};
			name = Release;
		};
/* End XCBuildConfiguration section */

/* Begin XCConfigurationList section */
		AB071DF5220A00370071F798 /* Build configuration list for PBXProject "Players" */ = {
			isa = XCConfigurationList;
			buildConfigurations = (
				AB071E0A220A00390071F798 /* Debug */,
				AB071E0B220A00390071F798 /* Release */,
			);
			defaultConfigurationIsVisible = 0;
			defaultConfigurationName = Release;
		};
		AB071E0C220A00390071F798 /* Build configuration list for PBXNativeTarget "Players" */ = {
			isa = XCConfigurationList;
			buildConfigurations = (
				AB071E0D220A00390071F798 /* Debug */,
				AB071E0E220A00390071F798 /* Release */,
			);
			defaultConfigurationIsVisible = 0;
			defaultConfigurationName = Release;
		};
/* End XCConfigurationList section */
	};
	rootObject = AB071DF2220A00370071F798 /* Project object */;
}
